
Microsoft Visual Studio Solution File, Format Version 12.00
# Visual Studio Version 17
VisualStudioVersion = 17.2.32602.215
MinimumVisualStudioVersion = 10.0.40219.1
Project("{FAE04EC0-301F-11D3-BF4B-00C04F79EFBC}") = "EGM_6_10", "EGM_6_10\EGM_6_10.csproj", "{7D6F5464-D218-4ACE-AC1A-A89BAE75A1A3}"
EndProject
Project("{FAE04EC0-301F-11D3-BF4B-00C04F79EFBC}") = "EGM_6_08", "EGM608\EGM_6_08.csproj", "{27E32255-0DAB-4458-AD4F-D19145D373B0}"
EndProject
Project("{FAE04EC0-301F-11D3-BF4B-00C04F79EFBC}") = "EGM_6_11", "EGM_6_11\EGM_6_11.csproj", "{6D39927D-CB50-4CC4-A800-DAF873E2C09E}"
EndProject
Project("{FAE04EC0-301F-11D3-BF4B-00C04F79EFBC}") = "EGM Tester", "EGM Tester\EGM Tester.csproj", "{5399122E-F01B-43C5-B53A-3DD92BBEB276}"
EndProject
Project("{FAE04EC0-301F-11D3-BF4B-00C04F79EFBC}") = "EGM_6_13", "EGM_6_13\EGM_6_13.csproj", "{44407587-8462-4E21-A1F0-C2CF54F068CF}"
EndProject
Global
	GlobalSection(SolutionConfigurationPlatforms) = preSolution
		Debug|Any CPU = Debug|Any CPU
		Release|Any CPU = Release|Any CPU
	EndGlobalSection
	GlobalSection(ProjectConfigurationPlatforms) = postSolution
		{7D6F5464-D218-4ACE-AC1A-A89BAE75A1A3}.Debug|Any CPU.ActiveCfg = Debug|Any CPU
		{7D6F5464-D218-4ACE-AC1A-A89BAE75A1A3}.Debug|Any CPU.Build.0 = Debug|Any CPU
		{7D6F5464-D218-4ACE-AC1A-A89BAE75A1A3}.Release|Any CPU.ActiveCfg = Release|Any CPU
		{7D6F5464-D218-4ACE-AC1A-A89BAE75A1A3}.Release|Any CPU.Build.0 = Release|Any CPU
		{27E32255-0DAB-4458-AD4F-D19145D373B0}.Debug|Any CPU.ActiveCfg = Debug|Any CPU
		{27E32255-0DAB-4458-AD4F-D19145D373B0}.Debug|Any CPU.Build.0 = Debug|Any CPU
		{27E32255-0DAB-4458-AD4F-D19145D373B0}.Release|Any CPU.ActiveCfg = Release|Any CPU
		{27E32255-0DAB-4458-AD4F-D19145D373B0}.Release|Any CPU.Build.0 = Release|Any CPU
		{6D39927D-CB50-4CC4-A800-DAF873E2C09E}.Debug|Any CPU.ActiveCfg = Debug|Any CPU
		{6D39927D-CB50-4CC4-A800-DAF873E2C09E}.Debug|Any CPU.Build.0 = Debug|Any CPU
		{6D39927D-CB50-4CC4-A800-DAF873E2C09E}.Release|Any CPU.ActiveCfg = Release|Any CPU
		{6D39927D-CB50-4CC4-A800-DAF873E2C09E}.Release|Any CPU.Build.0 = Release|Any CPU
		{5399122E-F01B-43C5-B53A-3DD92BBEB276}.Debug|Any CPU.ActiveCfg = Debug|Any CPU
		{5399122E-F01B-43C5-B53A-3DD92BBEB276}.Debug|Any CPU.Build.0 = Debug|Any CPU
		{5399122E-F01B-43C5-B53A-3DD92BBEB276}.Release|Any CPU.ActiveCfg = Release|Any CPU
		{5399122E-F01B-43C5-B53A-3DD92BBEB276}.Release|Any CPU.Build.0 = Release|Any CPU
		{44407587-8462-4E21-A1F0-C2CF54F068CF}.Debug|Any CPU.ActiveCfg = Debug|Any CPU
		{44407587-8462-4E21-A1F0-C2CF54F068CF}.Debug|Any CPU.Build.0 = Debug|Any CPU
		{44407587-8462-4E21-A1F0-C2CF54F068CF}.Release|Any CPU.ActiveCfg = Release|Any CPU
		{44407587-8462-4E21-A1F0-C2CF54F068CF}.Release|Any CPU.Build.0 = Release|Any CPU
	EndGlobalSection
	GlobalSection(SolutionProperties) = preSolution
		HideSolutionNode = FALSE
	EndGlobalSection
	GlobalSection(ExtensibilityGlobals) = postSolution
		SolutionGuid = {5B4354E3-7CAE-43BD-9B06-F0D5D0AD164E}
	EndGlobalSection
EndGlobal
